<?xml version="1.0" encoding="utf-8"?>
<Project ToolsVersion="4.0" xmlns="http://schemas.microsoft.com/developer/msbuild/2003">
  <ItemGroup>
    <ClCompile Include="BrainFuck.cpp" />
    <ClCompile Include="CameraClass.cpp" />
    <ClCompile Include="D3Dcontroller.cpp" />
    <ClCompile Include="EventDistributor.cpp" />
    <ClCompile Include="FontShader.cpp" />
    <ClCompile Include="GameState.cpp" />
    <ClCompile Include="Graphic.cpp" />
    <ClCompile Include="HexagonMap.cpp" />
    <ClCompile Include="GraphicObject.cpp" />
    <ClCompile Include="HexagonTile.cpp" />
    <ClCompile Include="Input.cpp" />
    <ClCompile Include="ItemLibrary.cpp" />
    <ClCompile Include="Main.cpp" />
    <ClCompile Include="ShaderLibrary.cpp" />
    <ClCompile Include="SoundClass.cpp" />
    <ClCompile Include="TestWorldMatrix.cpp" />
    <ClCompile Include="TextString.cpp" />
    <ClCompile Include="TextureClass.cpp" />
    <ClCompile Include="TextureObject.cpp" />
    <ClCompile Include="TextureShader.cpp" />
    <ClCompile Include="TileDetermination.cpp" />
    <ClCompile Include="TileStorage.cpp" />
    <ClCompile Include="Timer.cpp" />
    <ClCompile Include="useful_stuff.cpp" />
    <ClCompile Include="WindowInitialSetting.cpp" />
  </ItemGroup>
  <ItemGroup>
    <ClInclude Include="CameraClass.h" />
    <ClInclude Include="D3Dcontroller.h" />
    <ClInclude Include="FontShader.h" />
    <ClInclude Include="EventDistributor.h" />
    <ClInclude Include="GameState.h" />
    <ClInclude Include="game_constants.h" />
    <ClInclude Include="Graphic.h" />
    <ClInclude Include="HexagonMap.h" />
    <ClInclude Include="GraphicObject.h" />
    <ClInclude Include="HexagonTile.h" />
    <ClInclude Include="Input.h" />
    <ClInclude Include="ItemLibrary.h" />
    <ClInclude Include="Main.h" />
    <ClInclude Include="ShaderLibrary.h" />
    <ClInclude Include="SoundClass.h" />
    <ClInclude Include="TestWorldMatrix.h" />
    <ClInclude Include="TextString.h" />
    <ClInclude Include="TextureClass.h" />
    <ClInclude Include="TextureObject.h" />
    <ClInclude Include="TextureShader.h" />
    <ClInclude Include="TileDetermination.h" />
    <ClInclude Include="TileStorage.h" />
    <ClInclude Include="Timer.h" />
    <ClInclude Include="useful_stuff.h" />
  </ItemGroup>
  <ItemGroup>
    <Media Include="gwyn.wav" />
  </ItemGroup>
  <ItemGroup>
    <Image Include="font.png" />
    <Image Include="texture.dds" />
  </ItemGroup>
  <ItemGroup>
    <None Include="cpp.hint" />
    <None Include="font.PS" />
    <None Include="font.VS" />
    <None Include="texture.PS" />
    <None Include="texture.VS" />
  </ItemGroup>
  <ItemGroup>
    <Text Include="char_size.txt" />
  </ItemGroup>
</Project>